Microsoft Visual Studio Solution File, Format Version 11.00
# Visual Studio 2008

Project("{F0A00440-051A-A723-A000-1430622352D7}") = "cs428_w2016", "Assembly-CSharp-firstpass.csproj", "{0EA8F6DC-4DBF-71D9-916A-E44BFAE6FC3D}"
EndProject
Project("{F0A00440-051A-A723-A000-1430622352D7}") = "cs428_w2016", "Assembly-CSharp.csproj", "{A5EA81C1-C657-02F6-1662-6776F3D5C26B}"
EndProject
Project("{F0A00440-051A-A723-A000-1430622352D7}") = "cs428_w2016", "Assembly-CSharp-Editor.csproj", "{398C316A-5D40-420D-3922-18DB4105C9CA}"
EndProject
Global
	GlobalSection(SolutionConfigurationPlatforms) = preSolution
		Debug|Any CPU = Debug|Any CPU
		Release|Any CPU = Release|Any CPU
	EndGlobalSection
	GlobalSection(ProjectConfigurationPlatforms) = postSolution
		{0EA8F6DC-4DBF-71D9-916A-E44BFAE6FC3D}.Debug|Any CPU.ActiveCfg = Debug|Any CPU
		{0EA8F6DC-4DBF-71D9-916A-E44BFAE6FC3D}.Debug|Any CPU.Build.0 = Debug|Any CPU
		{0EA8F6DC-4DBF-71D9-916A-E44BFAE6FC3D}.Release|Any CPU.ActiveCfg = Release|Any CPU
		{0EA8F6DC-4DBF-71D9-916A-E44BFAE6FC3D}.Release|Any CPU.Build.0 = Release|Any CPU
		{A5EA81C1-C657-02F6-1662-6776F3D5C26B}.Debug|Any CPU.ActiveCfg = Debug|Any CPU
		{A5EA81C1-C657-02F6-1662-6776F3D5C26B}.Debug|Any CPU.Build.0 = Debug|Any CPU
		{A5EA81C1-C657-02F6-1662-6776F3D5C26B}.Release|Any CPU.ActiveCfg = Release|Any CPU
		{A5EA81C1-C657-02F6-1662-6776F3D5C26B}.Release|Any CPU.Build.0 = Release|Any CPU
		{398C316A-5D40-420D-3922-18DB4105C9CA}.Debug|Any CPU.ActiveCfg = Debug|Any CPU
		{398C316A-5D40-420D-3922-18DB4105C9CA}.Debug|Any CPU.Build.0 = Debug|Any CPU
		{398C316A-5D40-420D-3922-18DB4105C9CA}.Release|Any CPU.ActiveCfg = Release|Any CPU
		{398C316A-5D40-420D-3922-18DB4105C9CA}.Release|Any CPU.Build.0 = Release|Any CPU
	EndGlobalSection
	GlobalSection(SolutionProperties) = preSolution
		HideSolutionNode = FALSE
	EndGlobalSection
	GlobalSection(MonoDevelopProperties) = preSolution
		StartupItem = Assembly-CSharp.csproj
	EndGlobalSection
EndGlobal
